{
  "version": "5",
  "redirects": {
    "https://esm.sh/@supabase/supabase-js@2": "https://esm.sh/@supabase/supabase-js@2.112.4"
  },
  "remote": {
    "https://esm.sh/@supabase/supabase-js@2.112.4": "cfaa762b66cf8717f1b32db2699c4277aa673b39417cb9be9c0b19d9c7786bd7"
  },
  "workspace": {
    "packageJson": {
      "dependencies": [
        "npm:@expo/ui@~57.0.13",
        "npm:@supabase/supabase-js@2.95.3",
        "npm:@types/react@~19.2.2",
        "npm:expo-blur@~57.0.2",
        "npm:expo-constants@~57.0.14",
        "npm:expo-crypto@~57.0.2",
        "npm:expo-device@~57.0.1",
        "npm:expo-font@~57.0.1",
        "npm:expo-glass-effect@~57.0.1",
        "npm:expo-haptics@~57.0.1",
        "npm:expo-image@~57.0.3",
        "npm:expo-linking@~57.0.7",
        "npm:expo-local-authentication@~57.0.2",
        "npm:expo-router@~57.0.16",
        "npm:expo-secure-store@~57.0.1",
        "npm:expo-splash-screen@~57.0.8",
        "npm:expo-sqlite@~57.0.1",
        "npm:expo-status-bar@~57.0.1",
        "npm:expo-symbols@~57.0.2",
        "npm:expo-system-ui@~57.0.2",
        "npm:expo-updates@~57.0.17",
        "npm:expo-web-browser@~57.0.2",
        "npm:expo@~57.0.16",
        "npm:react-native-gesture-handler@2.32",
        "npm:react-native-reanimated@4.5.1",
        "npm:react-native-safe-area-context@5.7",
        "npm:react-native-screens@4.26",
        "npm:react-native-url-polyfill@4",
        "npm:react-native-worklets@0.10.1",
        "npm:react-native@0.86.2",
        "npm:react@19.2.3",
        "npm:typescript@~6.0.3",
        "npm:zustand@^5.0.15"
      ]
    }
  }
}
